
Microsoft Visual Studio Solution File, Format Version 10.00
# Visual Studio 2008
Project("{FAE04EC0-301F-11D3-BF4B-00C04F79EFBC}") = "Testability.Explorer", "Testability.Explorer\Testability.Explorer.csproj", "{164C80E0-AFD5-49DC-807F-62D8A9F5BE37}"
EndProject
Project("{FAE04EC0-301F-11D3-BF4B-00C04F79EFBC}") = "Testability.Explorer.Tests", "Testability.Explorer.Tests\Testability.Explorer.Tests.csproj", "{AD97F01A-0732-4FC2-8D5B-D822420938AF}"
EndProject
Global
	GlobalSection(SolutionConfigurationPlatforms) = preSolution
		Debug|Any CPU = Debug|Any CPU
		Release|Any CPU = Release|Any CPU
	EndGlobalSection
	GlobalSection(ProjectConfigurationPlatforms) = postSolution
		{164C80E0-AFD5-49DC-807F-62D8A9F5BE37}.Debug|Any CPU.ActiveCfg = Debug|Any CPU
		{164C80E0-AFD5-49DC-807F-62D8A9F5BE37}.Debug|Any CPU.Build.0 = Debug|Any CPU
		{164C80E0-AFD5-49DC-807F-62D8A9F5BE37}.Release|Any CPU.ActiveCfg = Release|Any CPU
		{164C80E0-AFD5-49DC-807F-62D8A9F5BE37}.Release|Any CPU.Build.0 = Release|Any CPU
		{AD97F01A-0732-4FC2-8D5B-D822420938AF}.Debug|Any CPU.ActiveCfg = Debug|Any CPU
		{AD97F01A-0732-4FC2-8D5B-D822420938AF}.Debug|Any CPU.Build.0 = Debug|Any CPU
		{AD97F01A-0732-4FC2-8D5B-D822420938AF}.Release|Any CPU.ActiveCfg = Release|Any CPU
		{AD97F01A-0732-4FC2-8D5B-D822420938AF}.Release|Any CPU.Build.0 = Release|Any CPU
	EndGlobalSection
	GlobalSection(SolutionProperties) = preSolution
		HideSolutionNode = FALSE
	EndGlobalSection
EndGlobal
