
Microsoft Visual Studio Solution File, Format Version 12.00
# Visual Studio 14
VisualStudioVersion = 14.0.24720.0
MinimumVisualStudioVersion = 10.0.40219.1
Project("{FAE04EC0-301F-11D3-BF4B-00C04F79EFBC}") = "Testability.Explorer", "Testability.Explorer\Testability.Explorer.csproj", "{164C80E0-AFD5-49DC-807F-62D8A9F5BE37}"
EndProject
Project("{FAE04EC0-301F-11D3-BF4B-00C04F79EFBC}") = "Testability.Explorer.Tests", "Testability.Explorer.Tests\Testability.Explorer.Tests.csproj", "{AD97F01A-0732-4FC2-8D5B-D822420938AF}"
EndProject
Global
	GlobalSection(SolutionConfigurationPlatforms) = preSolution
		CIBuild|Any CPU = CIBuild|Any CPU
		CIBuild|Mixed Platforms = CIBuild|Mixed Platforms
		CIBuild|Win32 = CIBuild|Win32
		CIBuild|x64 = CIBuild|x64
		CIBuild|x86 = CIBuild|x86
		Coverage|Any CPU = Coverage|Any CPU
		Coverage|Mixed Platforms = Coverage|Mixed Platforms
		Coverage|Win32 = Coverage|Win32
		Coverage|x64 = Coverage|x64
		Coverage|x86 = Coverage|x86
		Debug|Any CPU = Debug|Any CPU
		Debug|Mixed Platforms = Debug|Mixed Platforms
		Debug|Win32 = Debug|Win32
		Debug|x64 = Debug|x64
		Debug|x86 = Debug|x86
		FxCop|Any CPU = FxCop|Any CPU
		FxCop|Mixed Platforms = FxCop|Mixed Platforms
		FxCop|Win32 = FxCop|Win32
		FxCop|x64 = FxCop|x64
		FxCop|x86 = FxCop|x86
		Mono Debug|Any CPU = Mono Debug|Any CPU
		Mono Debug|Mixed Platforms = Mono Debug|Mixed Platforms
		Mono Debug|Win32 = Mono Debug|Win32
		Mono Debug|x64 = Mono Debug|x64
		Mono Debug|x86 = Mono Debug|x86
		Mono Release|Any CPU = Mono Release|Any CPU
		Mono Release|Mixed Platforms = Mono Release|Mixed Platforms
		Mono Release|Win32 = Mono Release|Win32
		Mono Release|x64 = Mono Release|x64
		Mono Release|x86 = Mono Release|x86
		net_3_5_Debug|Any CPU = net_3_5_Debug|Any CPU
		net_3_5_Debug|Mixed Platforms = net_3_5_Debug|Mixed Platforms
		net_3_5_Debug|Win32 = net_3_5_Debug|Win32
		net_3_5_Debug|x64 = net_3_5_Debug|x64
		net_3_5_Debug|x86 = net_3_5_Debug|x86
		net_3_5_Release|Any CPU = net_3_5_Release|Any CPU
		net_3_5_Release|Mixed Platforms = net_3_5_Release|Mixed Platforms
		net_3_5_Release|Win32 = net_3_5_Release|Win32
		net_3_5_Release|x64 = net_3_5_Release|x64
		net_3_5_Release|x86 = net_3_5_Release|x86
		net_4_0_Debug|Any CPU = net_4_0_Debug|Any CPU
		net_4_0_Debug|Mixed Platforms = net_4_0_Debug|Mixed Platforms
		net_4_0_Debug|Win32 = net_4_0_Debug|Win32
		net_4_0_Debug|x64 = net_4_0_Debug|x64
		net_4_0_Debug|x86 = net_4_0_Debug|x86
		net_4_0_Release|Any CPU = net_4_0_Release|Any CPU
		net_4_0_Release|Mixed Platforms = net_4_0_Release|Mixed Platforms
		net_4_0_Release|Win32 = net_4_0_Release|Win32
		net_4_0_Release|x64 = net_4_0_Release|x64
		net_4_0_Release|x86 = net_4_0_Release|x86
		net_4_5_Debug|Any CPU = net_4_5_Debug|Any CPU
		net_4_5_Debug|Mixed Platforms = net_4_5_Debug|Mixed Platforms
		net_4_5_Debug|Win32 = net_4_5_Debug|Win32
		net_4_5_Debug|x64 = net_4_5_Debug|x64
		net_4_5_Debug|x86 = net_4_5_Debug|x86
		net_4_5_Release|Any CPU = net_4_5_Release|Any CPU
		net_4_5_Release|Mixed Platforms = net_4_5_Release|Mixed Platforms
		net_4_5_Release|Win32 = net_4_5_Release|Win32
		net_4_5_Release|x64 = net_4_5_Release|x64
		net_4_5_Release|x86 = net_4_5_Release|x86
		pcl_Debug|Any CPU = pcl_Debug|Any CPU
		pcl_Debug|Mixed Platforms = pcl_Debug|Mixed Platforms
		pcl_Debug|Win32 = pcl_Debug|Win32
		pcl_Debug|x64 = pcl_Debug|x64
		pcl_Debug|x86 = pcl_Debug|x86
		pcl_Release|Any CPU = pcl_Release|Any CPU
		pcl_Release|Mixed Platforms = pcl_Release|Mixed Platforms
		pcl_Release|Win32 = pcl_Release|Win32
		pcl_Release|x64 = pcl_Release|x64
		pcl_Release|x86 = pcl_Release|x86
		Release|Any CPU = Release|Any CPU
		Release|Mixed Platforms = Release|Mixed Platforms
		Release|Win32 = Release|Win32
		Release|x64 = Release|x64
		Release|x86 = Release|x86
		Silverlight Debug|Any CPU = Silverlight Debug|Any CPU
		Silverlight Debug|Mixed Platforms = Silverlight Debug|Mixed Platforms
		Silverlight Debug|Win32 = Silverlight Debug|Win32
		Silverlight Debug|x64 = Silverlight Debug|x64
		Silverlight Debug|x86 = Silverlight Debug|x86
		Silverlight Release|Any CPU = Silverlight Release|Any CPU
		Silverlight Release|Mixed Platforms = Silverlight Release|Mixed Platforms
		Silverlight Release|Win32 = Silverlight Release|Win32
		Silverlight Release|x64 = Silverlight Release|x64
		Silverlight Release|x86 = Silverlight Release|x86
		SpecSharp|Any CPU = SpecSharp|Any CPU
		SpecSharp|Mixed Platforms = SpecSharp|Mixed Platforms
		SpecSharp|Win32 = SpecSharp|Win32
		SpecSharp|x64 = SpecSharp|x64
		SpecSharp|x86 = SpecSharp|x86
		Unicode Debug|Any CPU = Unicode Debug|Any CPU
		Unicode Debug|Mixed Platforms = Unicode Debug|Mixed Platforms
		Unicode Debug|Win32 = Unicode Debug|Win32
		Unicode Debug|x64 = Unicode Debug|x64
		Unicode Debug|x86 = Unicode Debug|x86
		Unicode Release|Any CPU = Unicode Release|Any CPU
		Unicode Release|Mixed Platforms = Unicode Release|Mixed Platforms
		Unicode Release|Win32 = Unicode Release|Win32
		Unicode Release|x64 = Unicode Release|x64
		Unicode Release|x86 = Unicode Release|x86
	EndGlobalSection
	GlobalSection(ProjectConfigurationPlatforms) = postSolution
		{164C80E0-AFD5-49DC-807F-62D8A9F5BE37}.CIBuild|Any CPU.ActiveCfg = Release|Any CPU
		{164C80E0-AFD5-49DC-807F-62D8A9F5BE37}.CIBuild|Any CPU.Build.0 = Release|Any CPU
		{164C80E0-AFD5-49DC-807F-62D8A9F5BE37}.CIBuild|Mixed Platforms.ActiveCfg = Release|Any CPU
		{164C80E0-AFD5-49DC-807F-62D8A9F5BE37}.CIBuild|Mixed Platforms.Build.0 = Release|Any CPU
		{164C80E0-AFD5-49DC-807F-62D8A9F5BE37}.CIBuild|Win32.ActiveCfg = Release|Any CPU
		{164C80E0-AFD5-49DC-807F-62D8A9F5BE37}.CIBuild|Win32.Build.0 = Release|Any CPU
		{164C80E0-AFD5-49DC-807F-62D8A9F5BE37}.CIBuild|x64.ActiveCfg = Release|Any CPU
		{164C80E0-AFD5-49DC-807F-62D8A9F5BE37}.CIBuild|x64.Build.0 = Release|Any CPU
		{164C80E0-AFD5-49DC-807F-62D8A9F5BE37}.CIBuild|x86.ActiveCfg = Release|Any CPU
		{164C80E0-AFD5-49DC-807F-62D8A9F5BE37}.CIBuild|x86.Build.0 = Release|Any CPU
		{164C80E0-AFD5-49DC-807F-62D8A9F5BE37}.Coverage|Any CPU.ActiveCfg = Release|Any CPU
		{164C80E0-AFD5-49DC-807F-62D8A9F5BE37}.Coverage|Any CPU.Build.0 = Release|Any CPU
		{164C80E0-AFD5-49DC-807F-62D8A9F5BE37}.Coverage|Mixed Platforms.ActiveCfg = Release|Any CPU
		{164C80E0-AFD5-49DC-807F-62D8A9F5BE37}.Coverage|Mixed Platforms.Build.0 = Release|Any CPU
		{164C80E0-AFD5-49DC-807F-62D8A9F5BE37}.Coverage|Win32.ActiveCfg = Release|Any CPU
		{164C80E0-AFD5-49DC-807F-62D8A9F5BE37}.Coverage|Win32.Build.0 = Release|Any CPU
		{164C80E0-AFD5-49DC-807F-62D8A9F5BE37}.Coverage|x64.ActiveCfg = Release|Any CPU
		{164C80E0-AFD5-49DC-807F-62D8A9F5BE37}.Coverage|x64.Build.0 = Release|Any CPU
		{164C80E0-AFD5-49DC-807F-62D8A9F5BE37}.Coverage|x86.ActiveCfg = Release|Any CPU
		{164C80E0-AFD5-49DC-807F-62D8A9F5BE37}.Coverage|x86.Build.0 = Release|Any CPU
		{164C80E0-AFD5-49DC-807F-62D8A9F5BE37}.Debug|Any CPU.ActiveCfg = Debug|Any CPU
		{164C80E0-AFD5-49DC-807F-62D8A9F5BE37}.Debug|Any CPU.Build.0 = Debug|Any CPU
		{164C80E0-AFD5-49DC-807F-62D8A9F5BE37}.Debug|Mixed Platforms.ActiveCfg = Debug|Any CPU
		{164C80E0-AFD5-49DC-807F-62D8A9F5BE37}.Debug|Mixed Platforms.Build.0 = Debug|Any CPU
		{164C80E0-AFD5-49DC-807F-62D8A9F5BE37}.Debug|Win32.ActiveCfg = Debug|Any CPU
		{164C80E0-AFD5-49DC-807F-62D8A9F5BE37}.Debug|Win32.Build.0 = Debug|Any CPU
		{164C80E0-AFD5-49DC-807F-62D8A9F5BE37}.Debug|x64.ActiveCfg = Debug|Any CPU
		{164C80E0-AFD5-49DC-807F-62D8A9F5BE37}.Debug|x64.Build.0 = Debug|Any CPU
		{164C80E0-AFD5-49DC-807F-62D8A9F5BE37}.Debug|x86.ActiveCfg = Debug|Any CPU
		{164C80E0-AFD5-49DC-807F-62D8A9F5BE37}.Debug|x86.Build.0 = Debug|Any CPU
		{164C80E0-AFD5-49DC-807F-62D8A9F5BE37}.FxCop|Any CPU.ActiveCfg = Release|Any CPU
		{164C80E0-AFD5-49DC-807F-62D8A9F5BE37}.FxCop|Any CPU.Build.0 = Release|Any CPU
		{164C80E0-AFD5-49DC-807F-62D8A9F5BE37}.FxCop|Mixed Platforms.ActiveCfg = Release|Any CPU
		{164C80E0-AFD5-49DC-807F-62D8A9F5BE37}.FxCop|Mixed Platforms.Build.0 = Release|Any CPU
		{164C80E0-AFD5-49DC-807F-62D8A9F5BE37}.FxCop|Win32.ActiveCfg = Release|Any CPU
		{164C80E0-AFD5-49DC-807F-62D8A9F5BE37}.FxCop|Win32.Build.0 = Release|Any CPU
		{164C80E0-AFD5-49DC-807F-62D8A9F5BE37}.FxCop|x64.ActiveCfg = Release|Any CPU
		{164C80E0-AFD5-49DC-807F-62D8A9F5BE37}.FxCop|x64.Build.0 = Release|Any CPU
		{164C80E0-AFD5-49DC-807F-62D8A9F5BE37}.FxCop|x86.ActiveCfg = Release|Any CPU
		{164C80E0-AFD5-49DC-807F-62D8A9F5BE37}.FxCop|x86.Build.0 = Release|Any CPU
		{164C80E0-AFD5-49DC-807F-62D8A9F5BE37}.Mono Debug|Any CPU.ActiveCfg = Debug|Any CPU
		{164C80E0-AFD5-49DC-807F-62D8A9F5BE37}.Mono Debug|Any CPU.Build.0 = Debug|Any CPU
		{164C80E0-AFD5-49DC-807F-62D8A9F5BE37}.Mono Debug|Mixed Platforms.ActiveCfg = Debug|Any CPU
		{164C80E0-AFD5-49DC-807F-62D8A9F5BE37}.Mono Debug|Mixed Platforms.Build.0 = Debug|Any CPU
		{164C80E0-AFD5-49DC-807F-62D8A9F5BE37}.Mono Debug|Win32.ActiveCfg = Debug|Any CPU
		{164C80E0-AFD5-49DC-807F-62D8A9F5BE37}.Mono Debug|Win32.Build.0 = Debug|Any CPU
		{164C80E0-AFD5-49DC-807F-62D8A9F5BE37}.Mono Debug|x64.ActiveCfg = Debug|Any CPU
		{164C80E0-AFD5-49DC-807F-62D8A9F5BE37}.Mono Debug|x64.Build.0 = Debug|Any CPU
		{164C80E0-AFD5-49DC-807F-62D8A9F5BE37}.Mono Debug|x86.ActiveCfg = Debug|Any CPU
		{164C80E0-AFD5-49DC-807F-62D8A9F5BE37}.Mono Debug|x86.Build.0 = Debug|Any CPU
		{164C80E0-AFD5-49DC-807F-62D8A9F5BE37}.Mono Release|Any CPU.ActiveCfg = Release|Any CPU
		{164C80E0-AFD5-49DC-807F-62D8A9F5BE37}.Mono Release|Any CPU.Build.0 = Release|Any CPU
		{164C80E0-AFD5-49DC-807F-62D8A9F5BE37}.Mono Release|Mixed Platforms.ActiveCfg = Release|Any CPU
		{164C80E0-AFD5-49DC-807F-62D8A9F5BE37}.Mono Release|Mixed Platforms.Build.0 = Release|Any CPU
		{164C80E0-AFD5-49DC-807F-62D8A9F5BE37}.Mono Release|Win32.ActiveCfg = Release|Any CPU
		{164C80E0-AFD5-49DC-807F-62D8A9F5BE37}.Mono Release|Win32.Build.0 = Release|Any CPU
		{164C80E0-AFD5-49DC-807F-62D8A9F5BE37}.Mono Release|x64.ActiveCfg = Release|Any CPU
		{164C80E0-AFD5-49DC-807F-62D8A9F5BE37}.Mono Release|x64.Build.0 = Release|Any CPU
		{164C80E0-AFD5-49DC-807F-62D8A9F5BE37}.Mono Release|x86.ActiveCfg = Release|Any CPU
		{164C80E0-AFD5-49DC-807F-62D8A9F5BE37}.Mono Release|x86.Build.0 = Release|Any CPU
		{164C80E0-AFD5-49DC-807F-62D8A9F5BE37}.net_3_5_Debug|Any CPU.ActiveCfg = Debug|Any CPU
		{164C80E0-AFD5-49DC-807F-62D8A9F5BE37}.net_3_5_Debug|Any CPU.Build.0 = Debug|Any CPU
		{164C80E0-AFD5-49DC-807F-62D8A9F5BE37}.net_3_5_Debug|Mixed Platforms.ActiveCfg = Debug|Any CPU
		{164C80E0-AFD5-49DC-807F-62D8A9F5BE37}.net_3_5_Debug|Mixed Platforms.Build.0 = Debug|Any CPU
		{164C80E0-AFD5-49DC-807F-62D8A9F5BE37}.net_3_5_Debug|Win32.ActiveCfg = Debug|Any CPU
		{164C80E0-AFD5-49DC-807F-62D8A9F5BE37}.net_3_5_Debug|Win32.Build.0 = Debug|Any CPU
		{164C80E0-AFD5-49DC-807F-62D8A9F5BE37}.net_3_5_Debug|x64.ActiveCfg = Debug|Any CPU
		{164C80E0-AFD5-49DC-807F-62D8A9F5BE37}.net_3_5_Debug|x64.Build.0 = Debug|Any CPU
		{164C80E0-AFD5-49DC-807F-62D8A9F5BE37}.net_3_5_Debug|x86.ActiveCfg = Debug|Any CPU
		{164C80E0-AFD5-49DC-807F-62D8A9F5BE37}.net_3_5_Debug|x86.Build.0 = Debug|Any CPU
		{164C80E0-AFD5-49DC-807F-62D8A9F5BE37}.net_3_5_Release|Any CPU.ActiveCfg = Release|Any CPU
		{164C80E0-AFD5-49DC-807F-62D8A9F5BE37}.net_3_5_Release|Any CPU.Build.0 = Release|Any CPU
		{164C80E0-AFD5-49DC-807F-62D8A9F5BE37}.net_3_5_Release|Mixed Platforms.ActiveCfg = Release|Any CPU
		{164C80E0-AFD5-49DC-807F-62D8A9F5BE37}.net_3_5_Release|Mixed Platforms.Build.0 = Release|Any CPU
		{164C80E0-AFD5-49DC-807F-62D8A9F5BE37}.net_3_5_Release|Win32.ActiveCfg = Release|Any CPU
		{164C80E0-AFD5-49DC-807F-62D8A9F5BE37}.net_3_5_Release|Win32.Build.0 = Release|Any CPU
		{164C80E0-AFD5-49DC-807F-62D8A9F5BE37}.net_3_5_Release|x64.ActiveCfg = Release|Any CPU
		{164C80E0-AFD5-49DC-807F-62D8A9F5BE37}.net_3_5_Release|x64.Build.0 = Release|Any CPU
		{164C80E0-AFD5-49DC-807F-62D8A9F5BE37}.net_3_5_Release|x86.ActiveCfg = Release|Any CPU
		{164C80E0-AFD5-49DC-807F-62D8A9F5BE37}.net_3_5_Release|x86.Build.0 = Release|Any CPU
		{164C80E0-AFD5-49DC-807F-62D8A9F5BE37}.net_4_0_Debug|Any CPU.ActiveCfg = Debug|Any CPU
		{164C80E0-AFD5-49DC-807F-62D8A9F5BE37}.net_4_0_Debug|Any CPU.Build.0 = Debug|Any CPU
		{164C80E0-AFD5-49DC-807F-62D8A9F5BE37}.net_4_0_Debug|Mixed Platforms.ActiveCfg = Debug|Any CPU
		{164C80E0-AFD5-49DC-807F-62D8A9F5BE37}.net_4_0_Debug|Mixed Platforms.Build.0 = Debug|Any CPU
		{164C80E0-AFD5-49DC-807F-62D8A9F5BE37}.net_4_0_Debug|Win32.ActiveCfg = Debug|Any CPU
		{164C80E0-AFD5-49DC-807F-62D8A9F5BE37}.net_4_0_Debug|Win32.Build.0 = Debug|Any CPU
		{164C80E0-AFD5-49DC-807F-62D8A9F5BE37}.net_4_0_Debug|x64.ActiveCfg = Debug|Any CPU
		{164C80E0-AFD5-49DC-807F-62D8A9F5BE37}.net_4_0_Debug|x64.Build.0 = Debug|Any CPU
		{164C80E0-AFD5-49DC-807F-62D8A9F5BE37}.net_4_0_Debug|x86.ActiveCfg = Debug|Any CPU
		{164C80E0-AFD5-49DC-807F-62D8A9F5BE37}.net_4_0_Debug|x86.Build.0 = Debug|Any CPU
		{164C80E0-AFD5-49DC-807F-62D8A9F5BE37}.net_4_0_Release|Any CPU.ActiveCfg = Release|Any CPU
		{164C80E0-AFD5-49DC-807F-62D8A9F5BE37}.net_4_0_Release|Any CPU.Build.0 = Release|Any CPU
		{164C80E0-AFD5-49DC-807F-62D8A9F5BE37}.net_4_0_Release|Mixed Platforms.ActiveCfg = Release|Any CPU
		{164C80E0-AFD5-49DC-807F-62D8A9F5BE37}.net_4_0_Release|Mixed Platforms.Build.0 = Release|Any CPU
		{164C80E0-AFD5-49DC-807F-62D8A9F5BE37}.net_4_0_Release|Win32.ActiveCfg = Release|Any CPU
		{164C80E0-AFD5-49DC-807F-62D8A9F5BE37}.net_4_0_Release|Win32.Build.0 = Release|Any CPU
		{164C80E0-AFD5-49DC-807F-62D8A9F5BE37}.net_4_0_Release|x64.ActiveCfg = Release|Any CPU
		{164C80E0-AFD5-49DC-807F-62D8A9F5BE37}.net_4_0_Release|x64.Build.0 = Release|Any CPU
		{164C80E0-AFD5-49DC-807F-62D8A9F5BE37}.net_4_0_Release|x86.ActiveCfg = Release|Any CPU
		{164C80E0-AFD5-49DC-807F-62D8A9F5BE37}.net_4_0_Release|x86.Build.0 = Release|Any CPU
		{164C80E0-AFD5-49DC-807F-62D8A9F5BE37}.net_4_5_Debug|Any CPU.ActiveCfg = Debug|Any CPU
		{164C80E0-AFD5-49DC-807F-62D8A9F5BE37}.net_4_5_Debug|Any CPU.Build.0 = Debug|Any CPU
		{164C80E0-AFD5-49DC-807F-62D8A9F5BE37}.net_4_5_Debug|Mixed Platforms.ActiveCfg = Debug|Any CPU
		{164C80E0-AFD5-49DC-807F-62D8A9F5BE37}.net_4_5_Debug|Mixed Platforms.Build.0 = Debug|Any CPU
		{164C80E0-AFD5-49DC-807F-62D8A9F5BE37}.net_4_5_Debug|Win32.ActiveCfg = Debug|Any CPU
		{164C80E0-AFD5-49DC-807F-62D8A9F5BE37}.net_4_5_Debug|Win32.Build.0 = Debug|Any CPU
		{164C80E0-AFD5-49DC-807F-62D8A9F5BE37}.net_4_5_Debug|x64.ActiveCfg = Debug|Any CPU
		{164C80E0-AFD5-49DC-807F-62D8A9F5BE37}.net_4_5_Debug|x64.Build.0 = Debug|Any CPU
		{164C80E0-AFD5-49DC-807F-62D8A9F5BE37}.net_4_5_Debug|x86.ActiveCfg = Debug|Any CPU
		{164C80E0-AFD5-49DC-807F-62D8A9F5BE37}.net_4_5_Debug|x86.Build.0 = Debug|Any CPU
		{164C80E0-AFD5-49DC-807F-62D8A9F5BE37}.net_4_5_Release|Any CPU.ActiveCfg = Release|Any CPU
		{164C80E0-AFD5-49DC-807F-62D8A9F5BE37}.net_4_5_Release|Any CPU.Build.0 = Release|Any CPU
		{164C80E0-AFD5-49DC-807F-62D8A9F5BE37}.net_4_5_Release|Mixed Platforms.ActiveCfg = Release|Any CPU
		{164C80E0-AFD5-49DC-807F-62D8A9F5BE37}.net_4_5_Release|Mixed Platforms.Build.0 = Release|Any CPU
		{164C80E0-AFD5-49DC-807F-62D8A9F5BE37}.net_4_5_Release|Win32.ActiveCfg = Release|Any CPU
		{164C80E0-AFD5-49DC-807F-62D8A9F5BE37}.net_4_5_Release|Win32.Build.0 = Release|Any CPU
		{164C80E0-AFD5-49DC-807F-62D8A9F5BE37}.net_4_5_Release|x64.ActiveCfg = Release|Any CPU
		{164C80E0-AFD5-49DC-807F-62D8A9F5BE37}.net_4_5_Release|x64.Build.0 = Release|Any CPU
		{164C80E0-AFD5-49DC-807F-62D8A9F5BE37}.net_4_5_Release|x86.ActiveCfg = Release|Any CPU
		{164C80E0-AFD5-49DC-807F-62D8A9F5BE37}.net_4_5_Release|x86.Build.0 = Release|Any CPU
		{164C80E0-AFD5-49DC-807F-62D8A9F5BE37}.pcl_Debug|Any CPU.ActiveCfg = Debug|Any CPU
		{164C80E0-AFD5-49DC-807F-62D8A9F5BE37}.pcl_Debug|Any CPU.Build.0 = Debug|Any CPU
		{164C80E0-AFD5-49DC-807F-62D8A9F5BE37}.pcl_Debug|Mixed Platforms.ActiveCfg = Debug|Any CPU
		{164C80E0-AFD5-49DC-807F-62D8A9F5BE37}.pcl_Debug|Mixed Platforms.Build.0 = Debug|Any CPU
		{164C80E0-AFD5-49DC-807F-62D8A9F5BE37}.pcl_Debug|Win32.ActiveCfg = Debug|Any CPU
		{164C80E0-AFD5-49DC-807F-62D8A9F5BE37}.pcl_Debug|Win32.Build.0 = Debug|Any CPU
		{164C80E0-AFD5-49DC-807F-62D8A9F5BE37}.pcl_Debug|x64.ActiveCfg = Debug|Any CPU
		{164C80E0-AFD5-49DC-807F-62D8A9F5BE37}.pcl_Debug|x64.Build.0 = Debug|Any CPU
		{164C80E0-AFD5-49DC-807F-62D8A9F5BE37}.pcl_Debug|x86.ActiveCfg = Debug|Any CPU
		{164C80E0-AFD5-49DC-807F-62D8A9F5BE37}.pcl_Debug|x86.Build.0 = Debug|Any CPU
		{164C80E0-AFD5-49DC-807F-62D8A9F5BE37}.pcl_Release|Any CPU.ActiveCfg = Release|Any CPU
		{164C80E0-AFD5-49DC-807F-62D8A9F5BE37}.pcl_Release|Any CPU.Build.0 = Release|Any CPU
		{164C80E0-AFD5-49DC-807F-62D8A9F5BE37}.pcl_Release|Mixed Platforms.ActiveCfg = Release|Any CPU
		{164C80E0-AFD5-49DC-807F-62D8A9F5BE37}.pcl_Release|Mixed Platforms.Build.0 = Release|Any CPU
		{164C80E0-AFD5-49DC-807F-62D8A9F5BE37}.pcl_Release|Win32.ActiveCfg = Release|Any CPU
		{164C80E0-AFD5-49DC-807F-62D8A9F5BE37}.pcl_Release|Win32.Build.0 = Release|Any CPU
		{164C80E0-AFD5-49DC-807F-62D8A9F5BE37}.pcl_Release|x64.ActiveCfg = Release|Any CPU
		{164C80E0-AFD5-49DC-807F-62D8A9F5BE37}.pcl_Release|x64.Build.0 = Release|Any CPU
		{164C80E0-AFD5-49DC-807F-62D8A9F5BE37}.pcl_Release|x86.ActiveCfg = Release|Any CPU
		{164C80E0-AFD5-49DC-807F-62D8A9F5BE37}.pcl_Release|x86.Build.0 = Release|Any CPU
		{164C80E0-AFD5-49DC-807F-62D8A9F5BE37}.Release|Any CPU.ActiveCfg = Release|Any CPU
		{164C80E0-AFD5-49DC-807F-62D8A9F5BE37}.Release|Any CPU.Build.0 = Release|Any CPU
		{164C80E0-AFD5-49DC-807F-62D8A9F5BE37}.Release|Mixed Platforms.ActiveCfg = Release|Any CPU
		{164C80E0-AFD5-49DC-807F-62D8A9F5BE37}.Release|Mixed Platforms.Build.0 = Release|Any CPU
		{164C80E0-AFD5-49DC-807F-62D8A9F5BE37}.Release|Win32.ActiveCfg = Release|Any CPU
		{164C80E0-AFD5-49DC-807F-62D8A9F5BE37}.Release|Win32.Build.0 = Release|Any CPU
		{164C80E0-AFD5-49DC-807F-62D8A9F5BE37}.Release|x64.ActiveCfg = Release|Any CPU
		{164C80E0-AFD5-49DC-807F-62D8A9F5BE37}.Release|x64.Build.0 = Release|Any CPU
		{164C80E0-AFD5-49DC-807F-62D8A9F5BE37}.Release|x86.ActiveCfg = Release|Any CPU
		{164C80E0-AFD5-49DC-807F-62D8A9F5BE37}.Release|x86.Build.0 = Release|Any CPU
		{164C80E0-AFD5-49DC-807F-62D8A9F5BE37}.Silverlight Debug|Any CPU.ActiveCfg = Debug|Any CPU
		{164C80E0-AFD5-49DC-807F-62D8A9F5BE37}.Silverlight Debug|Any CPU.Build.0 = Debug|Any CPU
		{164C80E0-AFD5-49DC-807F-62D8A9F5BE37}.Silverlight Debug|Mixed Platforms.ActiveCfg = Debug|Any CPU
		{164C80E0-AFD5-49DC-807F-62D8A9F5BE37}.Silverlight Debug|Mixed Platforms.Build.0 = Debug|Any CPU
		{164C80E0-AFD5-49DC-807F-62D8A9F5BE37}.Silverlight Debug|Win32.ActiveCfg = Debug|Any CPU
		{164C80E0-AFD5-49DC-807F-62D8A9F5BE37}.Silverlight Debug|Win32.Build.0 = Debug|Any CPU
		{164C80E0-AFD5-49DC-807F-62D8A9F5BE37}.Silverlight Debug|x64.ActiveCfg = Debug|Any CPU
		{164C80E0-AFD5-49DC-807F-62D8A9F5BE37}.Silverlight Debug|x64.Build.0 = Debug|Any CPU
		{164C80E0-AFD5-49DC-807F-62D8A9F5BE37}.Silverlight Debug|x86.ActiveCfg = Debug|Any CPU
		{164C80E0-AFD5-49DC-807F-62D8A9F5BE37}.Silverlight Debug|x86.Build.0 = Debug|Any CPU
		{164C80E0-AFD5-49DC-807F-62D8A9F5BE37}.Silverlight Release|Any CPU.ActiveCfg = Release|Any CPU
		{164C80E0-AFD5-49DC-807F-62D8A9F5BE37}.Silverlight Release|Any CPU.Build.0 = Release|Any CPU
		{164C80E0-AFD5-49DC-807F-62D8A9F5BE37}.Silverlight Release|Mixed Platforms.ActiveCfg = Release|Any CPU
		{164C80E0-AFD5-49DC-807F-62D8A9F5BE37}.Silverlight Release|Mixed Platforms.Build.0 = Release|Any CPU
		{164C80E0-AFD5-49DC-807F-62D8A9F5BE37}.Silverlight Release|Win32.ActiveCfg = Release|Any CPU
		{164C80E0-AFD5-49DC-807F-62D8A9F5BE37}.Silverlight Release|Win32.Build.0 = Release|Any CPU
		{164C80E0-AFD5-49DC-807F-62D8A9F5BE37}.Silverlight Release|x64.ActiveCfg = Release|Any CPU
		{164C80E0-AFD5-49DC-807F-62D8A9F5BE37}.Silverlight Release|x64.Build.0 = Release|Any CPU
		{164C80E0-AFD5-49DC-807F-62D8A9F5BE37}.Silverlight Release|x86.ActiveCfg = Release|Any CPU
		{164C80E0-AFD5-49DC-807F-62D8A9F5BE37}.Silverlight Release|x86.Build.0 = Release|Any CPU
		{164C80E0-AFD5-49DC-807F-62D8A9F5BE37}.SpecSharp|Any CPU.ActiveCfg = Release|Any CPU
		{164C80E0-AFD5-49DC-807F-62D8A9F5BE37}.SpecSharp|Any CPU.Build.0 = Release|Any CPU
		{164C80E0-AFD5-49DC-807F-62D8A9F5BE37}.SpecSharp|Mixed Platforms.ActiveCfg = Release|Any CPU
		{164C80E0-AFD5-49DC-807F-62D8A9F5BE37}.SpecSharp|Mixed Platforms.Build.0 = Release|Any CPU
		{164C80E0-AFD5-49DC-807F-62D8A9F5BE37}.SpecSharp|Win32.ActiveCfg = Release|Any CPU
		{164C80E0-AFD5-49DC-807F-62D8A9F5BE37}.SpecSharp|Win32.Build.0 = Release|Any CPU
		{164C80E0-AFD5-49DC-807F-62D8A9F5BE37}.SpecSharp|x64.ActiveCfg = Release|Any CPU
		{164C80E0-AFD5-49DC-807F-62D8A9F5BE37}.SpecSharp|x64.Build.0 = Release|Any CPU
		{164C80E0-AFD5-49DC-807F-62D8A9F5BE37}.SpecSharp|x86.ActiveCfg = Release|Any CPU
		{164C80E0-AFD5-49DC-807F-62D8A9F5BE37}.SpecSharp|x86.Build.0 = Release|Any CPU
		{164C80E0-AFD5-49DC-807F-62D8A9F5BE37}.Unicode Debug|Any CPU.ActiveCfg = Debug|Any CPU
		{164C80E0-AFD5-49DC-807F-62D8A9F5BE37}.Unicode Debug|Any CPU.Build.0 = Debug|Any CPU
		{164C80E0-AFD5-49DC-807F-62D8A9F5BE37}.Unicode Debug|Mixed Platforms.ActiveCfg = Debug|Any CPU
		{164C80E0-AFD5-49DC-807F-62D8A9F5BE37}.Unicode Debug|Mixed Platforms.Build.0 = Debug|Any CPU
		{164C80E0-AFD5-49DC-807F-62D8A9F5BE37}.Unicode Debug|Win32.ActiveCfg = Debug|Any CPU
		{164C80E0-AFD5-49DC-807F-62D8A9F5BE37}.Unicode Debug|Win32.Build.0 = Debug|Any CPU
		{164C80E0-AFD5-49DC-807F-62D8A9F5BE37}.Unicode Debug|x64.ActiveCfg = Debug|Any CPU
		{164C80E0-AFD5-49DC-807F-62D8A9F5BE37}.Unicode Debug|x64.Build.0 = Debug|Any CPU
		{164C80E0-AFD5-49DC-807F-62D8A9F5BE37}.Unicode Debug|x86.ActiveCfg = Debug|Any CPU
		{164C80E0-AFD5-49DC-807F-62D8A9F5BE37}.Unicode Debug|x86.Build.0 = Debug|Any CPU
		{164C80E0-AFD5-49DC-807F-62D8A9F5BE37}.Unicode Release|Any CPU.ActiveCfg = Release|Any CPU
		{164C80E0-AFD5-49DC-807F-62D8A9F5BE37}.Unicode Release|Any CPU.Build.0 = Release|Any CPU
		{164C80E0-AFD5-49DC-807F-62D8A9F5BE37}.Unicode Release|Mixed Platforms.ActiveCfg = Release|Any CPU
		{164C80E0-AFD5-49DC-807F-62D8A9F5BE37}.Unicode Release|Mixed Platforms.Build.0 = Release|Any CPU
		{164C80E0-AFD5-49DC-807F-62D8A9F5BE37}.Unicode Release|Win32.ActiveCfg = Release|Any CPU
		{164C80E0-AFD5-49DC-807F-62D8A9F5BE37}.Unicode Release|Win32.Build.0 = Release|Any CPU
		{164C80E0-AFD5-49DC-807F-62D8A9F5BE37}.Unicode Release|x64.ActiveCfg = Release|Any CPU
		{164C80E0-AFD5-49DC-807F-62D8A9F5BE37}.Unicode Release|x64.Build.0 = Release|Any CPU
		{164C80E0-AFD5-49DC-807F-62D8A9F5BE37}.Unicode Release|x86.ActiveCfg = Release|Any CPU
		{164C80E0-AFD5-49DC-807F-62D8A9F5BE37}.Unicode Release|x86.Build.0 = Release|Any CPU
		{AD97F01A-0732-4FC2-8D5B-D822420938AF}.CIBuild|Any CPU.ActiveCfg = Release|Any CPU
		{AD97F01A-0732-4FC2-8D5B-D822420938AF}.CIBuild|Any CPU.Build.0 = Release|Any CPU
		{AD97F01A-0732-4FC2-8D5B-D822420938AF}.CIBuild|Mixed Platforms.ActiveCfg = Release|Any CPU
		{AD97F01A-0732-4FC2-8D5B-D822420938AF}.CIBuild|Mixed Platforms.Build.0 = Release|Any CPU
		{AD97F01A-0732-4FC2-8D5B-D822420938AF}.CIBuild|Win32.ActiveCfg = Release|Any CPU
		{AD97F01A-0732-4FC2-8D5B-D822420938AF}.CIBuild|Win32.Build.0 = Release|Any CPU
		{AD97F01A-0732-4FC2-8D5B-D822420938AF}.CIBuild|x64.ActiveCfg = Release|Any CPU
		{AD97F01A-0732-4FC2-8D5B-D822420938AF}.CIBuild|x64.Build.0 = Release|Any CPU
		{AD97F01A-0732-4FC2-8D5B-D822420938AF}.CIBuild|x86.ActiveCfg = Release|Any CPU
		{AD97F01A-0732-4FC2-8D5B-D822420938AF}.CIBuild|x86.Build.0 = Release|Any CPU
		{AD97F01A-0732-4FC2-8D5B-D822420938AF}.Coverage|Any CPU.ActiveCfg = Release|Any CPU
		{AD97F01A-0732-4FC2-8D5B-D822420938AF}.Coverage|Any CPU.Build.0 = Release|Any CPU
		{AD97F01A-0732-4FC2-8D5B-D822420938AF}.Coverage|Mixed Platforms.ActiveCfg = Release|Any CPU
		{AD97F01A-0732-4FC2-8D5B-D822420938AF}.Coverage|Mixed Platforms.Build.0 = Release|Any CPU
		{AD97F01A-0732-4FC2-8D5B-D822420938AF}.Coverage|Win32.ActiveCfg = Release|Any CPU
		{AD97F01A-0732-4FC2-8D5B-D822420938AF}.Coverage|Win32.Build.0 = Release|Any CPU
		{AD97F01A-0732-4FC2-8D5B-D822420938AF}.Coverage|x64.ActiveCfg = Release|Any CPU
		{AD97F01A-0732-4FC2-8D5B-D822420938AF}.Coverage|x64.Build.0 = Release|Any CPU
		{AD97F01A-0732-4FC2-8D5B-D822420938AF}.Coverage|x86.ActiveCfg = Release|Any CPU
		{AD97F01A-0732-4FC2-8D5B-D822420938AF}.Coverage|x86.Build.0 = Release|Any CPU
		{AD97F01A-0732-4FC2-8D5B-D822420938AF}.Debug|Any CPU.ActiveCfg = Debug|Any CPU
		{AD97F01A-0732-4FC2-8D5B-D822420938AF}.Debug|Any CPU.Build.0 = Debug|Any CPU
		{AD97F01A-0732-4FC2-8D5B-D822420938AF}.Debug|Mixed Platforms.ActiveCfg = Debug|Any CPU
		{AD97F01A-0732-4FC2-8D5B-D822420938AF}.Debug|Mixed Platforms.Build.0 = Debug|Any CPU
		{AD97F01A-0732-4FC2-8D5B-D822420938AF}.Debug|Win32.ActiveCfg = Debug|Any CPU
		{AD97F01A-0732-4FC2-8D5B-D822420938AF}.Debug|Win32.Build.0 = Debug|Any CPU
		{AD97F01A-0732-4FC2-8D5B-D822420938AF}.Debug|x64.ActiveCfg = Debug|Any CPU
		{AD97F01A-0732-4FC2-8D5B-D822420938AF}.Debug|x64.Build.0 = Debug|Any CPU
		{AD97F01A-0732-4FC2-8D5B-D822420938AF}.Debug|x86.ActiveCfg = Debug|Any CPU
		{AD97F01A-0732-4FC2-8D5B-D822420938AF}.Debug|x86.Build.0 = Debug|Any CPU
		{AD97F01A-0732-4FC2-8D5B-D822420938AF}.FxCop|Any CPU.ActiveCfg = Release|Any CPU
		{AD97F01A-0732-4FC2-8D5B-D822420938AF}.FxCop|Any CPU.Build.0 = Release|Any CPU
		{AD97F01A-0732-4FC2-8D5B-D822420938AF}.FxCop|Mixed Platforms.ActiveCfg = Release|Any CPU
		{AD97F01A-0732-4FC2-8D5B-D822420938AF}.FxCop|Mixed Platforms.Build.0 = Release|Any CPU
		{AD97F01A-0732-4FC2-8D5B-D822420938AF}.FxCop|Win32.ActiveCfg = Release|Any CPU
		{AD97F01A-0732-4FC2-8D5B-D822420938AF}.FxCop|Win32.Build.0 = Release|Any CPU
		{AD97F01A-0732-4FC2-8D5B-D822420938AF}.FxCop|x64.ActiveCfg = Release|Any CPU
		{AD97F01A-0732-4FC2-8D5B-D822420938AF}.FxCop|x64.Build.0 = Release|Any CPU
		{AD97F01A-0732-4FC2-8D5B-D822420938AF}.FxCop|x86.ActiveCfg = Release|Any CPU
		{AD97F01A-0732-4FC2-8D5B-D822420938AF}.FxCop|x86.Build.0 = Release|Any CPU
		{AD97F01A-0732-4FC2-8D5B-D822420938AF}.Mono Debug|Any CPU.ActiveCfg = Debug|Any CPU
		{AD97F01A-0732-4FC2-8D5B-D822420938AF}.Mono Debug|Any CPU.Build.0 = Debug|Any CPU
		{AD97F01A-0732-4FC2-8D5B-D822420938AF}.Mono Debug|Mixed Platforms.ActiveCfg = Debug|Any CPU
		{AD97F01A-0732-4FC2-8D5B-D822420938AF}.Mono Debug|Mixed Platforms.Build.0 = Debug|Any CPU
		{AD97F01A-0732-4FC2-8D5B-D822420938AF}.Mono Debug|Win32.ActiveCfg = Debug|Any CPU
		{AD97F01A-0732-4FC2-8D5B-D822420938AF}.Mono Debug|Win32.Build.0 = Debug|Any CPU
		{AD97F01A-0732-4FC2-8D5B-D822420938AF}.Mono Debug|x64.ActiveCfg = Debug|Any CPU
		{AD97F01A-0732-4FC2-8D5B-D822420938AF}.Mono Debug|x64.Build.0 = Debug|Any CPU
		{AD97F01A-0732-4FC2-8D5B-D822420938AF}.Mono Debug|x86.ActiveCfg = Debug|Any CPU
		{AD97F01A-0732-4FC2-8D5B-D822420938AF}.Mono Debug|x86.Build.0 = Debug|Any CPU
		{AD97F01A-0732-4FC2-8D5B-D822420938AF}.Mono Release|Any CPU.ActiveCfg = Release|Any CPU
		{AD97F01A-0732-4FC2-8D5B-D822420938AF}.Mono Release|Any CPU.Build.0 = Release|Any CPU
		{AD97F01A-0732-4FC2-8D5B-D822420938AF}.Mono Release|Mixed Platforms.ActiveCfg = Release|Any CPU
		{AD97F01A-0732-4FC2-8D5B-D822420938AF}.Mono Release|Mixed Platforms.Build.0 = Release|Any CPU
		{AD97F01A-0732-4FC2-8D5B-D822420938AF}.Mono Release|Win32.ActiveCfg = Release|Any CPU
		{AD97F01A-0732-4FC2-8D5B-D822420938AF}.Mono Release|Win32.Build.0 = Release|Any CPU
		{AD97F01A-0732-4FC2-8D5B-D822420938AF}.Mono Release|x64.ActiveCfg = Release|Any CPU
		{AD97F01A-0732-4FC2-8D5B-D822420938AF}.Mono Release|x64.Build.0 = Release|Any CPU
		{AD97F01A-0732-4FC2-8D5B-D822420938AF}.Mono Release|x86.ActiveCfg = Release|Any CPU
		{AD97F01A-0732-4FC2-8D5B-D822420938AF}.Mono Release|x86.Build.0 = Release|Any CPU
		{AD97F01A-0732-4FC2-8D5B-D822420938AF}.net_3_5_Debug|Any CPU.ActiveCfg = Debug|Any CPU
		{AD97F01A-0732-4FC2-8D5B-D822420938AF}.net_3_5_Debug|Any CPU.Build.0 = Debug|Any CPU
		{AD97F01A-0732-4FC2-8D5B-D822420938AF}.net_3_5_Debug|Mixed Platforms.ActiveCfg = Debug|Any CPU
		{AD97F01A-0732-4FC2-8D5B-D822420938AF}.net_3_5_Debug|Mixed Platforms.Build.0 = Debug|Any CPU
		{AD97F01A-0732-4FC2-8D5B-D822420938AF}.net_3_5_Debug|Win32.ActiveCfg = Debug|Any CPU
		{AD97F01A-0732-4FC2-8D5B-D822420938AF}.net_3_5_Debug|Win32.Build.0 = Debug|Any CPU
		{AD97F01A-0732-4FC2-8D5B-D822420938AF}.net_3_5_Debug|x64.ActiveCfg = Debug|Any CPU
		{AD97F01A-0732-4FC2-8D5B-D822420938AF}.net_3_5_Debug|x64.Build.0 = Debug|Any CPU
		{AD97F01A-0732-4FC2-8D5B-D822420938AF}.net_3_5_Debug|x86.ActiveCfg = Debug|Any CPU
		{AD97F01A-0732-4FC2-8D5B-D822420938AF}.net_3_5_Debug|x86.Build.0 = Debug|Any CPU
		{AD97F01A-0732-4FC2-8D5B-D822420938AF}.net_3_5_Release|Any CPU.ActiveCfg = Release|Any CPU
		{AD97F01A-0732-4FC2-8D5B-D822420938AF}.net_3_5_Release|Any CPU.Build.0 = Release|Any CPU
		{AD97F01A-0732-4FC2-8D5B-D822420938AF}.net_3_5_Release|Mixed Platforms.ActiveCfg = Release|Any CPU
		{AD97F01A-0732-4FC2-8D5B-D822420938AF}.net_3_5_Release|Mixed Platforms.Build.0 = Release|Any CPU
		{AD97F01A-0732-4FC2-8D5B-D822420938AF}.net_3_5_Release|Win32.ActiveCfg = Release|Any CPU
		{AD97F01A-0732-4FC2-8D5B-D822420938AF}.net_3_5_Release|Win32.Build.0 = Release|Any CPU
		{AD97F01A-0732-4FC2-8D5B-D822420938AF}.net_3_5_Release|x64.ActiveCfg = Release|Any CPU
		{AD97F01A-0732-4FC2-8D5B-D822420938AF}.net_3_5_Release|x64.Build.0 = Release|Any CPU
		{AD97F01A-0732-4FC2-8D5B-D822420938AF}.net_3_5_Release|x86.ActiveCfg = Release|Any CPU
		{AD97F01A-0732-4FC2-8D5B-D822420938AF}.net_3_5_Release|x86.Build.0 = Release|Any CPU
		{AD97F01A-0732-4FC2-8D5B-D822420938AF}.net_4_0_Debug|Any CPU.ActiveCfg = Debug|Any CPU
		{AD97F01A-0732-4FC2-8D5B-D822420938AF}.net_4_0_Debug|Any CPU.Build.0 = Debug|Any CPU
		{AD97F01A-0732-4FC2-8D5B-D822420938AF}.net_4_0_Debug|Mixed Platforms.ActiveCfg = Debug|Any CPU
		{AD97F01A-0732-4FC2-8D5B-D822420938AF}.net_4_0_Debug|Mixed Platforms.Build.0 = Debug|Any CPU
		{AD97F01A-0732-4FC2-8D5B-D822420938AF}.net_4_0_Debug|Win32.ActiveCfg = Debug|Any CPU
		{AD97F01A-0732-4FC2-8D5B-D822420938AF}.net_4_0_Debug|Win32.Build.0 = Debug|Any CPU
		{AD97F01A-0732-4FC2-8D5B-D822420938AF}.net_4_0_Debug|x64.ActiveCfg = Debug|Any CPU
		{AD97F01A-0732-4FC2-8D5B-D822420938AF}.net_4_0_Debug|x64.Build.0 = Debug|Any CPU
		{AD97F01A-0732-4FC2-8D5B-D822420938AF}.net_4_0_Debug|x86.ActiveCfg = Debug|Any CPU
		{AD97F01A-0732-4FC2-8D5B-D822420938AF}.net_4_0_Debug|x86.Build.0 = Debug|Any CPU
		{AD97F01A-0732-4FC2-8D5B-D822420938AF}.net_4_0_Release|Any CPU.ActiveCfg = Release|Any CPU
		{AD97F01A-0732-4FC2-8D5B-D822420938AF}.net_4_0_Release|Any CPU.Build.0 = Release|Any CPU
		{AD97F01A-0732-4FC2-8D5B-D822420938AF}.net_4_0_Release|Mixed Platforms.ActiveCfg = Release|Any CPU
		{AD97F01A-0732-4FC2-8D5B-D822420938AF}.net_4_0_Release|Mixed Platforms.Build.0 = Release|Any CPU
		{AD97F01A-0732-4FC2-8D5B-D822420938AF}.net_4_0_Release|Win32.ActiveCfg = Release|Any CPU
		{AD97F01A-0732-4FC2-8D5B-D822420938AF}.net_4_0_Release|Win32.Build.0 = Release|Any CPU
		{AD97F01A-0732-4FC2-8D5B-D822420938AF}.net_4_0_Release|x64.ActiveCfg = Release|Any CPU
		{AD97F01A-0732-4FC2-8D5B-D822420938AF}.net_4_0_Release|x64.Build.0 = Release|Any CPU
		{AD97F01A-0732-4FC2-8D5B-D822420938AF}.net_4_0_Release|x86.ActiveCfg = Release|Any CPU
		{AD97F01A-0732-4FC2-8D5B-D822420938AF}.net_4_0_Release|x86.Build.0 = Release|Any CPU
		{AD97F01A-0732-4FC2-8D5B-D822420938AF}.net_4_5_Debug|Any CPU.ActiveCfg = Debug|Any CPU
		{AD97F01A-0732-4FC2-8D5B-D822420938AF}.net_4_5_Debug|Any CPU.Build.0 = Debug|Any CPU
		{AD97F01A-0732-4FC2-8D5B-D822420938AF}.net_4_5_Debug|Mixed Platforms.ActiveCfg = Debug|Any CPU
		{AD97F01A-0732-4FC2-8D5B-D822420938AF}.net_4_5_Debug|Mixed Platforms.Build.0 = Debug|Any CPU
		{AD97F01A-0732-4FC2-8D5B-D822420938AF}.net_4_5_Debug|Win32.ActiveCfg = Debug|Any CPU
		{AD97F01A-0732-4FC2-8D5B-D822420938AF}.net_4_5_Debug|Win32.Build.0 = Debug|Any CPU
		{AD97F01A-0732-4FC2-8D5B-D822420938AF}.net_4_5_Debug|x64.ActiveCfg = Debug|Any CPU
		{AD97F01A-0732-4FC2-8D5B-D822420938AF}.net_4_5_Debug|x64.Build.0 = Debug|Any CPU
		{AD97F01A-0732-4FC2-8D5B-D822420938AF}.net_4_5_Debug|x86.ActiveCfg = Debug|Any CPU
		{AD97F01A-0732-4FC2-8D5B-D822420938AF}.net_4_5_Debug|x86.Build.0 = Debug|Any CPU
		{AD97F01A-0732-4FC2-8D5B-D822420938AF}.net_4_5_Release|Any CPU.ActiveCfg = Release|Any CPU
		{AD97F01A-0732-4FC2-8D5B-D822420938AF}.net_4_5_Release|Any CPU.Build.0 = Release|Any CPU
		{AD97F01A-0732-4FC2-8D5B-D822420938AF}.net_4_5_Release|Mixed Platforms.ActiveCfg = Release|Any CPU
		{AD97F01A-0732-4FC2-8D5B-D822420938AF}.net_4_5_Release|Mixed Platforms.Build.0 = Release|Any CPU
		{AD97F01A-0732-4FC2-8D5B-D822420938AF}.net_4_5_Release|Win32.ActiveCfg = Release|Any CPU
		{AD97F01A-0732-4FC2-8D5B-D822420938AF}.net_4_5_Release|Win32.Build.0 = Release|Any CPU
		{AD97F01A-0732-4FC2-8D5B-D822420938AF}.net_4_5_Release|x64.ActiveCfg = Release|Any CPU
		{AD97F01A-0732-4FC2-8D5B-D822420938AF}.net_4_5_Release|x64.Build.0 = Release|Any CPU
		{AD97F01A-0732-4FC2-8D5B-D822420938AF}.net_4_5_Release|x86.ActiveCfg = Release|Any CPU
		{AD97F01A-0732-4FC2-8D5B-D822420938AF}.net_4_5_Release|x86.Build.0 = Release|Any CPU
		{AD97F01A-0732-4FC2-8D5B-D822420938AF}.pcl_Debug|Any CPU.ActiveCfg = Debug|Any CPU
		{AD97F01A-0732-4FC2-8D5B-D822420938AF}.pcl_Debug|Any CPU.Build.0 = Debug|Any CPU
		{AD97F01A-0732-4FC2-8D5B-D822420938AF}.pcl_Debug|Mixed Platforms.ActiveCfg = Debug|Any CPU
		{AD97F01A-0732-4FC2-8D5B-D822420938AF}.pcl_Debug|Mixed Platforms.Build.0 = Debug|Any CPU
		{AD97F01A-0732-4FC2-8D5B-D822420938AF}.pcl_Debug|Win32.ActiveCfg = Debug|Any CPU
		{AD97F01A-0732-4FC2-8D5B-D822420938AF}.pcl_Debug|Win32.Build.0 = Debug|Any CPU
		{AD97F01A-0732-4FC2-8D5B-D822420938AF}.pcl_Debug|x64.ActiveCfg = Debug|Any CPU
		{AD97F01A-0732-4FC2-8D5B-D822420938AF}.pcl_Debug|x64.Build.0 = Debug|Any CPU
		{AD97F01A-0732-4FC2-8D5B-D822420938AF}.pcl_Debug|x86.ActiveCfg = Debug|Any CPU
		{AD97F01A-0732-4FC2-8D5B-D822420938AF}.pcl_Debug|x86.Build.0 = Debug|Any CPU
		{AD97F01A-0732-4FC2-8D5B-D822420938AF}.pcl_Release|Any CPU.ActiveCfg = Release|Any CPU
		{AD97F01A-0732-4FC2-8D5B-D822420938AF}.pcl_Release|Any CPU.Build.0 = Release|Any CPU
		{AD97F01A-0732-4FC2-8D5B-D822420938AF}.pcl_Release|Mixed Platforms.ActiveCfg = Release|Any CPU
		{AD97F01A-0732-4FC2-8D5B-D822420938AF}.pcl_Release|Mixed Platforms.Build.0 = Release|Any CPU
		{AD97F01A-0732-4FC2-8D5B-D822420938AF}.pcl_Release|Win32.ActiveCfg = Release|Any CPU
		{AD97F01A-0732-4FC2-8D5B-D822420938AF}.pcl_Release|Win32.Build.0 = Release|Any CPU
		{AD97F01A-0732-4FC2-8D5B-D822420938AF}.pcl_Release|x64.ActiveCfg = Release|Any CPU
		{AD97F01A-0732-4FC2-8D5B-D822420938AF}.pcl_Release|x64.Build.0 = Release|Any CPU
		{AD97F01A-0732-4FC2-8D5B-D822420938AF}.pcl_Release|x86.ActiveCfg = Release|Any CPU
		{AD97F01A-0732-4FC2-8D5B-D822420938AF}.pcl_Release|x86.Build.0 = Release|Any CPU
		{AD97F01A-0732-4FC2-8D5B-D822420938AF}.Release|Any CPU.ActiveCfg = Release|Any CPU
		{AD97F01A-0732-4FC2-8D5B-D822420938AF}.Release|Any CPU.Build.0 = Release|Any CPU
		{AD97F01A-0732-4FC2-8D5B-D822420938AF}.Release|Mixed Platforms.ActiveCfg = Release|Any CPU
		{AD97F01A-0732-4FC2-8D5B-D822420938AF}.Release|Mixed Platforms.Build.0 = Release|Any CPU
		{AD97F01A-0732-4FC2-8D5B-D822420938AF}.Release|Win32.ActiveCfg = Release|Any CPU
		{AD97F01A-0732-4FC2-8D5B-D822420938AF}.Release|Win32.Build.0 = Release|Any CPU
		{AD97F01A-0732-4FC2-8D5B-D822420938AF}.Release|x64.ActiveCfg = Release|Any CPU
		{AD97F01A-0732-4FC2-8D5B-D822420938AF}.Release|x64.Build.0 = Release|Any CPU
		{AD97F01A-0732-4FC2-8D5B-D822420938AF}.Release|x86.ActiveCfg = Release|Any CPU
		{AD97F01A-0732-4FC2-8D5B-D822420938AF}.Release|x86.Build.0 = Release|Any CPU
		{AD97F01A-0732-4FC2-8D5B-D822420938AF}.Silverlight Debug|Any CPU.ActiveCfg = Debug|Any CPU
		{AD97F01A-0732-4FC2-8D5B-D822420938AF}.Silverlight Debug|Any CPU.Build.0 = Debug|Any CPU
		{AD97F01A-0732-4FC2-8D5B-D822420938AF}.Silverlight Debug|Mixed Platforms.ActiveCfg = Debug|Any CPU
		{AD97F01A-0732-4FC2-8D5B-D822420938AF}.Silverlight Debug|Mixed Platforms.Build.0 = Debug|Any CPU
		{AD97F01A-0732-4FC2-8D5B-D822420938AF}.Silverlight Debug|Win32.ActiveCfg = Debug|Any CPU
		{AD97F01A-0732-4FC2-8D5B-D822420938AF}.Silverlight Debug|Win32.Build.0 = Debug|Any CPU
		{AD97F01A-0732-4FC2-8D5B-D822420938AF}.Silverlight Debug|x64.ActiveCfg = Debug|Any CPU
		{AD97F01A-0732-4FC2-8D5B-D822420938AF}.Silverlight Debug|x64.Build.0 = Debug|Any CPU
		{AD97F01A-0732-4FC2-8D5B-D822420938AF}.Silverlight Debug|x86.ActiveCfg = Debug|Any CPU
		{AD97F01A-0732-4FC2-8D5B-D822420938AF}.Silverlight Debug|x86.Build.0 = Debug|Any CPU
		{AD97F01A-0732-4FC2-8D5B-D822420938AF}.Silverlight Release|Any CPU.ActiveCfg = Release|Any CPU
		{AD97F01A-0732-4FC2-8D5B-D822420938AF}.Silverlight Release|Any CPU.Build.0 = Release|Any CPU
		{AD97F01A-0732-4FC2-8D5B-D822420938AF}.Silverlight Release|Mixed Platforms.ActiveCfg = Release|Any CPU
		{AD97F01A-0732-4FC2-8D5B-D822420938AF}.Silverlight Release|Mixed Platforms.Build.0 = Release|Any CPU
		{AD97F01A-0732-4FC2-8D5B-D822420938AF}.Silverlight Release|Win32.ActiveCfg = Release|Any CPU
		{AD97F01A-0732-4FC2-8D5B-D822420938AF}.Silverlight Release|Win32.Build.0 = Release|Any CPU
		{AD97F01A-0732-4FC2-8D5B-D822420938AF}.Silverlight Release|x64.ActiveCfg = Release|Any CPU
		{AD97F01A-0732-4FC2-8D5B-D822420938AF}.Silverlight Release|x64.Build.0 = Release|Any CPU
		{AD97F01A-0732-4FC2-8D5B-D822420938AF}.Silverlight Release|x86.ActiveCfg = Release|Any CPU
		{AD97F01A-0732-4FC2-8D5B-D822420938AF}.Silverlight Release|x86.Build.0 = Release|Any CPU
		{AD97F01A-0732-4FC2-8D5B-D822420938AF}.SpecSharp|Any CPU.ActiveCfg = Release|Any CPU
		{AD97F01A-0732-4FC2-8D5B-D822420938AF}.SpecSharp|Any CPU.Build.0 = Release|Any CPU
		{AD97F01A-0732-4FC2-8D5B-D822420938AF}.SpecSharp|Mixed Platforms.ActiveCfg = Release|Any CPU
		{AD97F01A-0732-4FC2-8D5B-D822420938AF}.SpecSharp|Mixed Platforms.Build.0 = Release|Any CPU
		{AD97F01A-0732-4FC2-8D5B-D822420938AF}.SpecSharp|Win32.ActiveCfg = Release|Any CPU
		{AD97F01A-0732-4FC2-8D5B-D822420938AF}.SpecSharp|Win32.Build.0 = Release|Any CPU
		{AD97F01A-0732-4FC2-8D5B-D822420938AF}.SpecSharp|x64.ActiveCfg = Release|Any CPU
		{AD97F01A-0732-4FC2-8D5B-D822420938AF}.SpecSharp|x64.Build.0 = Release|Any CPU
		{AD97F01A-0732-4FC2-8D5B-D822420938AF}.SpecSharp|x86.ActiveCfg = Release|Any CPU
		{AD97F01A-0732-4FC2-8D5B-D822420938AF}.SpecSharp|x86.Build.0 = Release|Any CPU
		{AD97F01A-0732-4FC2-8D5B-D822420938AF}.Unicode Debug|Any CPU.ActiveCfg = Debug|Any CPU
		{AD97F01A-0732-4FC2-8D5B-D822420938AF}.Unicode Debug|Any CPU.Build.0 = Debug|Any CPU
		{AD97F01A-0732-4FC2-8D5B-D822420938AF}.Unicode Debug|Mixed Platforms.ActiveCfg = Debug|Any CPU
		{AD97F01A-0732-4FC2-8D5B-D822420938AF}.Unicode Debug|Mixed Platforms.Build.0 = Debug|Any CPU
		{AD97F01A-0732-4FC2-8D5B-D822420938AF}.Unicode Debug|Win32.ActiveCfg = Debug|Any CPU
		{AD97F01A-0732-4FC2-8D5B-D822420938AF}.Unicode Debug|Win32.Build.0 = Debug|Any CPU
		{AD97F01A-0732-4FC2-8D5B-D822420938AF}.Unicode Debug|x64.ActiveCfg = Debug|Any CPU
		{AD97F01A-0732-4FC2-8D5B-D822420938AF}.Unicode Debug|x64.Build.0 = Debug|Any CPU
		{AD97F01A-0732-4FC2-8D5B-D822420938AF}.Unicode Debug|x86.ActiveCfg = Debug|Any CPU
		{AD97F01A-0732-4FC2-8D5B-D822420938AF}.Unicode Debug|x86.Build.0 = Debug|Any CPU
		{AD97F01A-0732-4FC2-8D5B-D822420938AF}.Unicode Release|Any CPU.ActiveCfg = Release|Any CPU
		{AD97F01A-0732-4FC2-8D5B-D822420938AF}.Unicode Release|Any CPU.Build.0 = Release|Any CPU
		{AD97F01A-0732-4FC2-8D5B-D822420938AF}.Unicode Release|Mixed Platforms.ActiveCfg = Release|Any CPU
		{AD97F01A-0732-4FC2-8D5B-D822420938AF}.Unicode Release|Mixed Platforms.Build.0 = Release|Any CPU
		{AD97F01A-0732-4FC2-8D5B-D822420938AF}.Unicode Release|Win32.ActiveCfg = Release|Any CPU
		{AD97F01A-0732-4FC2-8D5B-D822420938AF}.Unicode Release|Win32.Build.0 = Release|Any CPU
		{AD97F01A-0732-4FC2-8D5B-D822420938AF}.Unicode Release|x64.ActiveCfg = Release|Any CPU
		{AD97F01A-0732-4FC2-8D5B-D822420938AF}.Unicode Release|x64.Build.0 = Release|Any CPU
		{AD97F01A-0732-4FC2-8D5B-D822420938AF}.Unicode Release|x86.ActiveCfg = Release|Any CPU
		{AD97F01A-0732-4FC2-8D5B-D822420938AF}.Unicode Release|x86.Build.0 = Release|Any CPU
	EndGlobalSection
	GlobalSection(SolutionProperties) = preSolution
		HideSolutionNode = FALSE
	EndGlobalSection
EndGlobal
